// !$*UTF8*$!
{
	archiveVersion = 1;
	classes = {
	};
	objectVersion = 46;
	objects = {

/* Begin PBXBuildFile section */
		501EBFD41978055F00143C1E /* MainMenu.xib in Resources */ = {isa = PBXBuildFile; fileRef = 50943135196D60CB00A81FA8 /* MainMenu.xib */; };
		50943132196D60CB00A81FA8 /* App.swift in Sources */ = {isa = PBXBuildFile; fileRef = 50943131196D60CB00A81FA8 /* App.swift */; };
		5094317D196EFA5200A81FA8 /* Network.swift in Sources */ = {isa = PBXBuildFile; fileRef = 5094317C196EFA5200A81FA8 /* Network.swift */; };
		5094317F196EFA7800A81FA8 /* CPU.swift in Sources */ = {isa = PBXBuildFile; fileRef = 5094317E196EFA7800A81FA8 /* CPU.swift */; };
		50943181196EFAA400A81FA8 /* Timer.swift in Sources */ = {isa = PBXBuildFile; fileRef = 50943180196EFAA400A81FA8 /* Timer.swift */; };
		50943183196EFB0C00A81FA8 /* Int32.swift in Sources */ = {isa = PBXBuildFile; fileRef = 50943182196EFB0C00A81FA8 /* Int32.swift */; };
		50943185196EFB1F00A81FA8 /* UInt32.swift in Sources */ = {isa = PBXBuildFile; fileRef = 50943184196EFB1F00A81FA8 /* UInt32.swift */; };
		50943187196EFB3100A81FA8 /* UInt64.swift in Sources */ = {isa = PBXBuildFile; fileRef = 50943186196EFB3100A81FA8 /* UInt64.swift */; };
		5094318A196EFC0F00A81FA8 /* main.swift in Sources */ = {isa = PBXBuildFile; fileRef = 50943189196EFC0F00A81FA8 /* main.swift */; };
		5094318C196EFC7A00A81FA8 /* StatusView.swift in Sources */ = {isa = PBXBuildFile; fileRef = 5094318B196EFC7A00A81FA8 /* StatusView.swift */; };
		5094318E196F001100A81FA8 /* StatusController.swift in Sources */ = {isa = PBXBuildFile; fileRef = 5094318D196F001100A81FA8 /* StatusController.swift */; };
/* End PBXBuildFile section */

/* Begin PBXFileReference section */
		5094312A196D60CB00A81FA8 /* MXStatusMenu.app */ = {isa = PBXFileReference; explicitFileType = wrapper.application; includeInIndex = 0; path = MXStatusMenu.app; sourceTree = BUILT_PRODUCTS_DIR; };
		5094312E196D60CB00A81FA8 /* Info.plist */ = {isa = PBXFileReference; lastKnownFileType = text.plist.xml; path = Info.plist; sourceTree = "<group>"; };
		50943131196D60CB00A81FA8 /* App.swift */ = {isa = PBXFileReference; lastKnownFileType = sourcecode.swift; path = App.swift; sourceTree = "<group>"; };
		50943136196D60CB00A81FA8 /* Base */ = {isa = PBXFileReference; lastKnownFileType = file.xib; name = Base; path = Base.lproj/MainMenu.xib; sourceTree = "<group>"; };
		5094317C196EFA5200A81FA8 /* Network.swift */ = {isa = PBXFileReference; fileEncoding = 4; lastKnownFileType = sourcecode.swift; path = Network.swift; sourceTree = "<group>"; };
		5094317E196EFA7800A81FA8 /* CPU.swift */ = {isa = PBXFileReference; fileEncoding = 4; lastKnownFileType = sourcecode.swift; path = CPU.swift; sourceTree = "<group>"; };
		50943180196EFAA400A81FA8 /* Timer.swift */ = {isa = PBXFileReference; fileEncoding = 4; lastKnownFileType = sourcecode.swift; path = Timer.swift; sourceTree = "<group>"; };
		50943182196EFB0C00A81FA8 /* Int32.swift */ = {isa = PBXFileReference; fileEncoding = 4; lastKnownFileType = sourcecode.swift; path = Int32.swift; sourceTree = "<group>"; };
		50943184196EFB1F00A81FA8 /* UInt32.swift */ = {isa = PBXFileReference; fileEncoding = 4; lastKnownFileType = sourcecode.swift; path = UInt32.swift; sourceTree = "<group>"; };
		50943186196EFB3100A81FA8 /* UInt64.swift */ = {isa = PBXFileReference; fileEncoding = 4; lastKnownFileType = sourcecode.swift; path = UInt64.swift; sourceTree = "<group>"; };
		50943189196EFC0F00A81FA8 /* main.swift */ = {isa = PBXFileReference; fileEncoding = 4; lastKnownFileType = sourcecode.swift; path = main.swift; sourceTree = "<group>"; };
		5094318B196EFC7A00A81FA8 /* StatusView.swift */ = {isa = PBXFileReference; fileEncoding = 4; lastKnownFileType = sourcecode.swift; path = StatusView.swift; sourceTree = "<group>"; };
		5094318D196F001100A81FA8 /* StatusController.swift */ = {isa = PBXFileReference; fileEncoding = 4; lastKnownFileType = sourcecode.swift; path = StatusController.swift; sourceTree = "<group>"; };
/* End PBXFileReference section */

/* Begin PBXFrameworksBuildPhase section */
		50943127196D60CB00A81FA8 /* Frameworks */ = {
			isa = PBXFrameworksBuildPhase;
			buildActionMask = 2147483647;
			files = (
			);
			runOnlyForDeploymentPostprocessing = 0;
		};
/* End PBXFrameworksBuildPhase section */

/* Begin PBXGroup section */
		50943121196D60CB00A81FA8 = {
			isa = PBXGroup;
			children = (
				5094312C196D60CB00A81FA8 /* MXStatusMenu */,
				50943188196EFB5800A81FA8 /* Extensions */,
				5094312B196D60CB00A81FA8 /* Products */,
			);
			sourceTree = "<group>";
		};
		5094312B196D60CB00A81FA8 /* Products */ = {
			isa = PBXGroup;
			children = (
				5094312A196D60CB00A81FA8 /* MXStatusMenu.app */,
			);
			name = Products;
			sourceTree = "<group>";
		};
		5094312C196D60CB00A81FA8 /* MXStatusMenu */ = {
			isa = PBXGroup;
			children = (
				50943131196D60CB00A81FA8 /* App.swift */,
				5094317E196EFA7800A81FA8 /* CPU.swift */,
				5094317C196EFA5200A81FA8 /* Network.swift */,
				5094318D196F001100A81FA8 /* StatusController.swift */,
				5094318B196EFC7A00A81FA8 /* StatusView.swift */,
				50943180196EFAA400A81FA8 /* Timer.swift */,
				50943135196D60CB00A81FA8 /* MainMenu.xib */,
				50943189196EFC0F00A81FA8 /* main.swift */,
				5094312E196D60CB00A81FA8 /* Info.plist */,
			);
			path = MXStatusMenu;
			sourceTree = "<group>";
		};
		50943188196EFB5800A81FA8 /* Extensions */ = {
			isa = PBXGroup;
			children = (
				50943182196EFB0C00A81FA8 /* Int32.swift */,
				50943184196EFB1F00A81FA8 /* UInt32.swift */,
				50943186196EFB3100A81FA8 /* UInt64.swift */,
			);
			name = Extensions;
			path = MXStatusMenu;
			sourceTree = "<group>";
		};
/* End PBXGroup section */

/* Begin PBXNativeTarget section */
		50943129196D60CB00A81FA8 /* MXStatusMenu */ = {
			isa = PBXNativeTarget;
			buildConfigurationList = 50943146196D60CC00A81FA8 /* Build configuration list for PBXNativeTarget "MXStatusMenu" */;
			buildPhases = (
				50943126196D60CB00A81FA8 /* Sources */,
				50943127196D60CB00A81FA8 /* Frameworks */,
				50943128196D60CB00A81FA8 /* Resources */,
			);
			buildRules = (
			);
			dependencies = (
			);
			name = MXStatusMenu;
			productName = MXStatusMenu;
			productReference = 5094312A196D60CB00A81FA8 /* MXStatusMenu.app */;
			productType = "com.apple.product-type.application";
		};
/* End PBXNativeTarget section */

/* Begin PBXProject section */
		50943122196D60CB00A81FA8 /* Project object */ = {
			isa = PBXProject;
			attributes = {
				LastUpgradeCheck = 0600;
				TargetAttributes = {
					50943129196D60CB00A81FA8 = {
						CreatedOnToolsVersion = 6.0;
					};
				};
			};
			buildConfigurationList = 50943125196D60CB00A81FA8 /* Build configuration list for PBXProject "MXStatusMenu" */;
			compatibilityVersion = "Xcode 3.2";
			developmentRegion = English;
			hasScannedForEncodings = 0;
			knownRegions = (
				en,
				Base,
			);
			mainGroup = 50943121196D60CB00A81FA8;
			productRefGroup = 5094312B196D60CB00A81FA8 /* Products */;
			projectDirPath = "";
			projectRoot = "";
			targets = (
				50943129196D60CB00A81FA8 /* MXStatusMenu */,
			);
		};
/* End PBXProject section */

/* Begin PBXResourcesBuildPhase section */
		50943128196D60CB00A81FA8 /* Resources */ = {
			isa = PBXResourcesBuildPhase;
			buildActionMask = 2147483647;
			files = (
				501EBFD41978055F00143C1E /* MainMenu.xib in Resources */,
			);
			runOnlyForDeploymentPostprocessing = 0;
		};
/* End PBXResourcesBuildPhase section */

/* Begin PBXSourcesBuildPhase section */
		50943126196D60CB00A81FA8 /* Sources */ = {
			isa = PBXSourcesBuildPhase;
			buildActionMask = 2147483647;
			files = (
				50943183196EFB0C00A81FA8 /* Int32.swift in Sources */,
				50943187196EFB3100A81FA8 /* UInt64.swift in Sources */,
				5094318A196EFC0F00A81FA8 /* main.swift in Sources */,
				5094318E196F001100A81FA8 /* StatusController.swift in Sources */,
				5094318C196EFC7A00A81FA8 /* StatusView.swift in Sources */,
				50943185196EFB1F00A81FA8 /* UInt32.swift in Sources */,
				5094317F196EFA7800A81FA8 /* CPU.swift in Sources */,
				50943132196D60CB00A81FA8 /* App.swift in Sources */,
				50943181196EFAA400A81FA8 /* Timer.swift in Sources */,
				5094317D196EFA5200A81FA8 /* Network.swift in Sources */,
			);
			runOnlyForDeploymentPostprocessing = 0;
		};
/* End PBXSourcesBuildPhase section */

/* Begin PBXVariantGroup section */
		50943135196D60CB00A81FA8 /* MainMenu.xib */ = {
			isa = PBXVariantGroup;
			children = (
				50943136196D60CB00A81FA8 /* Base */,
			);
			name = MainMenu.xib;
			sourceTree = "<group>";
		};
/* End PBXVariantGroup section */

/* Begin XCBuildConfiguration section */
		50943144196D60CC00A81FA8 /* Debug */ = {
			isa = XCBuildConfiguration;
			buildSettings = {
				ALWAYS_SEARCH_USER_PATHS = NO;
				CLANG_CXX_LANGUAGE_STANDARD = "gnu++0x";
				CLANG_CXX_LIBRARY = "libc++";
				CLANG_ENABLE_MODULES = YES;
				CLANG_ENABLE_OBJC_ARC = YES;
				CLANG_WARN_BOOL_CONVERSION = YES;
				CLANG_WARN_CONSTANT_CONVERSION = YES;
				CLANG_WARN_DIRECT_OBJC_ISA_USAGE = YES_ERROR;
				CLANG_WARN_EMPTY_BODY = YES;
				CLANG_WARN_ENUM_CONVERSION = YES;
				CLANG_WARN_INT_CONVERSION = YES;
				CLANG_WARN_OBJC_ROOT_CLASS = YES_ERROR;
				CLANG_WARN_UNREACHABLE_CODE = YES;
				CLANG_WARN__DUPLICATE_METHOD_MATCH = YES;
				CODE_SIGN_IDENTITY = "-";
				COPY_PHASE_STRIP = NO;
				ENABLE_STRICT_OBJC_MSGSEND = YES;
				GCC_C_LANGUAGE_STANDARD = gnu99;
				GCC_DYNAMIC_NO_PIC = NO;
				GCC_OPTIMIZATION_LEVEL = 0;
				GCC_PREPROCESSOR_DEFINITIONS = (
					"DEBUG=1",
					"$(inherited)",
				);
				GCC_SYMBOLS_PRIVATE_EXTERN = NO;
				GCC_WARN_64_TO_32_BIT_CONVERSION = YES;
				GCC_WARN_ABOUT_RETURN_TYPE = YES_ERROR;
				GCC_WARN_UNDECLARED_SELECTOR = YES;
				GCC_WARN_UNINITIALIZED_AUTOS = YES_AGGRESSIVE;
				GCC_WARN_UNUSED_FUNCTION = YES;
				GCC_WARN_UNUSED_VARIABLE = YES;
				MACOSX_DEPLOYMENT_TARGET = 10.10;
				MTL_ENABLE_DEBUG_INFO = YES;
				ONLY_ACTIVE_ARCH = YES;
				SDKROOT = macosx;
				SWIFT_OPTIMIZATION_LEVEL = "-Onone";
			};
			name = Debug;
		};
		50943145196D60CC00A81FA8 /* Release */ = {
			isa = XCBuildConfiguration;
			buildSettings = {
				ALWAYS_SEARCH_USER_PATHS = NO;
				CLANG_CXX_LANGUAGE_STANDARD = "gnu++0x";
				CLANG_CXX_LIBRARY = "libc++";
				CLANG_ENABLE_MODULES = YES;
				CLANG_ENABLE_OBJC_ARC = YES;
				CLANG_WARN_BOOL_CONVERSION = YES;
				CLANG_WARN_CONSTANT_CONVERSION = YES;
				CLANG_WARN_DIRECT_OBJC_ISA_USAGE = YES_ERROR;
				CLANG_WARN_EMPTY_BODY = YES;
				CLANG_WARN_ENUM_CONVERSION = YES;
				CLANG_WARN_INT_CONVERSION = YES;
				CLANG_WARN_OBJC_ROOT_CLASS = YES_ERROR;
				CLANG_WARN_UNREACHABLE_CODE = YES;
				CLANG_WARN__DUPLICATE_METHOD_MATCH = YES;
				CODE_SIGN_IDENTITY = "-";
				COPY_PHASE_STRIP = YES;
				DEBUG_INFORMATION_FORMAT = "dwarf-with-dsym";
				ENABLE_NS_ASSERTIONS = NO;
				ENABLE_STRICT_OBJC_MSGSEND = YES;
				GCC_C_LANGUAGE_STANDARD = gnu99;
				GCC_WARN_64_TO_32_BIT_CONVERSION = YES;
				GCC_WARN_ABOUT_RETURN_TYPE = YES_ERROR;
				GCC_WARN_UNDECLARED_SELECTOR = YES;
				GCC_WARN_UNINITIALIZED_AUTOS = YES_AGGRESSIVE;
				GCC_WARN_UNUSED_FUNCTION = YES;
				GCC_WARN_UNUSED_VARIABLE = YES;
				MACOSX_DEPLOYMENT_TARGET = 10.10;
				MTL_ENABLE_DEBUG_INFO = NO;
				SDKROOT = macosx;
			};
			name = Release;
		};
		50943147196D60CC00A81FA8 /* Debug */ = {
			isa = XCBuildConfiguration;
			buildSettings = {
				ASSETCATALOG_COMPILER_APPICON_NAME = AppIcon;
				COMBINE_HIDPI_IMAGES = YES;
				GCC_OPTIMIZATION_LEVEL = fast;
				INFOPLIST_FILE = MXStatusMenu/Info.plist;
				LD_RUNPATH_SEARCH_PATHS = "$(inherited) @executable_path/../Frameworks";
				PRODUCT_NAME = "$(TARGET_NAME)";
				SWIFT_OPTIMIZATION_LEVEL = "-Ounchecked";
				SWIFT_WHOLE_MODULE_OPTIMIZATION = YES;
			};
			name = Debug;
		};
		50943148196D60CC00A81FA8 /* Release */ = {
			isa = XCBuildConfiguration;
			buildSettings = {
				ASSETCATALOG_COMPILER_APPICON_NAME = AppIcon;
				COMBINE_HIDPI_IMAGES = YES;
				GCC_OPTIMIZATION_LEVEL = fast;
				INFOPLIST_FILE = MXStatusMenu/Info.plist;
				LD_RUNPATH_SEARCH_PATHS = "$(inherited) @executable_path/../Frameworks";
				PRODUCT_NAME = "$(TARGET_NAME)";
				SWIFT_OPTIMIZATION_LEVEL = "-Ounchecked";
				SWIFT_WHOLE_MODULE_OPTIMIZATION = YES;
			};
			name = Release;
		};
/* End XCBuildConfiguration section */

/* Begin XCConfigurationList section */
		50943125196D60CB00A81FA8 /* Build configuration list for PBXProject "MXStatusMenu" */ = {
			isa = XCConfigurationList;
			buildConfigurations = (
				50943144196D60CC00A81FA8 /* Debug */,
				50943145196D60CC00A81FA8 /* Release */,
			);
			defaultConfigurationIsVisible = 0;
			defaultConfigurationName = Release;
		};
		50943146196D60CC00A81FA8 /* Build configuration list for PBXNativeTarget "MXStatusMenu" */ = {
			isa = XCConfigurationList;
			buildConfigurations = (
				50943147196D60CC00A81FA8 /* Debug */,
				50943148196D60CC00A81FA8 /* Release */,
			);
			defaultConfigurationIsVisible = 0;
			defaultConfigurationName = Release;
		};
/* End XCConfigurationList section */
	};
	rootObject = 50943122196D60CB00A81FA8 /* Project object */;
}
